
Microsoft Visual Studio Solution File, Format Version 12.00
# Visual Studio Version 17
VisualStudioVersion = 17.8.34525.116
MinimumVisualStudioVersion = 10.0.40219.1
Project("{FAE04EC0-301F-11D3-BF4B-00C04F79EFBC}") = "MoviesWPF", "MoviesWPF\MoviesWPF.csproj", "{B7B8C923-DA1E-4E57-BF3C-3D7EE9FA6DAF}"
EndProject
Global
	GlobalSection(SolutionConfigurationPlatforms) = preSolution
		Debug|Any CPU = Debug|Any CPU
		Release|Any CPU = Release|Any CPU
	EndGlobalSection
	GlobalSection(ProjectConfigurationPlatforms) = postSolution
		{B7B8C923-DA1E-4E57-BF3C-3D7EE9FA6DAF}.Debug|Any CPU.ActiveCfg = Debug|Any CPU
		{B7B8C923-DA1E-4E57-BF3C-3D7EE9FA6DAF}.Debug|Any CPU.Build.0 = Debug|Any CPU
		{B7B8C923-DA1E-4E57-BF3C-3D7EE9FA6DAF}.Release|Any CPU.ActiveCfg = Release|Any CPU
		{B7B8C923-DA1E-4E57-BF3C-3D7EE9FA6DAF}.Release|Any CPU.Build.0 = Release|Any CPU
	EndGlobalSection
	GlobalSection(SolutionProperties) = preSolution
		HideSolutionNode = FALSE
	EndGlobalSection
	GlobalSection(ExtensibilityGlobals) = postSolution
		SolutionGuid = {82C3CA74-4D9C-4F4B-98B9-EEADC525F315}
	EndGlobalSection
EndGlobal
