
Microsoft Visual Studio Solution File, Format Version 12.00
# Visual Studio Version 17
VisualStudioVersion = 17.8.34511.84
MinimumVisualStudioVersion = 10.0.40219.1
Project("{FAE04EC0-301F-11D3-BF4B-00C04F79EFBC}") = "ImoviesRepetition", "ImoviesRepetition.csproj", "{54CF88D1-9997-4792-8B78-B300F30D4BEE}"
EndProject
Global
	GlobalSection(SolutionConfigurationPlatforms) = preSolution
		Debug|Any CPU = Debug|Any CPU
		Release|Any CPU = Release|Any CPU
	EndGlobalSection
	GlobalSection(ProjectConfigurationPlatforms) = postSolution
		{54CF88D1-9997-4792-8B78-B300F30D4BEE}.Debug|Any CPU.ActiveCfg = Debug|Any CPU
		{54CF88D1-9997-4792-8B78-B300F30D4BEE}.Debug|Any CPU.Build.0 = Debug|Any CPU
		{54CF88D1-9997-4792-8B78-B300F30D4BEE}.Release|Any CPU.ActiveCfg = Release|Any CPU
		{54CF88D1-9997-4792-8B78-B300F30D4BEE}.Release|Any CPU.Build.0 = Release|Any CPU
	EndGlobalSection
	GlobalSection(SolutionProperties) = preSolution
		HideSolutionNode = FALSE
	EndGlobalSection
	GlobalSection(ExtensibilityGlobals) = postSolution
		SolutionGuid = {0134EE5B-F261-4875-8B72-927B583E6F22}
	EndGlobalSection
EndGlobal
